
Microsoft Visual Studio Solution File, Format Version 12.00
# Visual Studio Version 17
VisualStudioVersion = 17.7.34009.444
MinimumVisualStudioVersion = 10.0.40219.1
Project("{888888A0-9F3D-457C-B088-3A5042F75D52}") = "MovieGuidePart1", "MovieGuidePart1.pyproj", "{35C43DC6-3C8E-4BD6-AC11-CE54F327860E}"
EndProject
Global
	GlobalSection(SolutionConfigurationPlatforms) = preSolution
		Debug|Any CPU = Debug|Any CPU
		Release|Any CPU = Release|Any CPU
	EndGlobalSection
	GlobalSection(ProjectConfigurationPlatforms) = postSolution
		{35C43DC6-3C8E-4BD6-AC11-CE54F327860E}.Debug|Any CPU.ActiveCfg = Debug|Any CPU
		{35C43DC6-3C8E-4BD6-AC11-CE54F327860E}.Release|Any CPU.ActiveCfg = Release|Any CPU
	EndGlobalSection
	GlobalSection(SolutionProperties) = preSolution
		HideSolutionNode = FALSE
	EndGlobalSection
	GlobalSection(ExtensibilityGlobals) = postSolution
		SolutionGuid = {1A47F714-9FBF-42E2-BFBF-EE3EDC3FE698}
	EndGlobalSection
EndGlobal
